<?xml version="1.0" encoding="utf-8"?>
<Project ToolsVersion="4.0" xmlns="http://schemas.microsoft.com/developer/msbuild/2003">
  <ItemGroup>
    <Filter Include="ソース ファイル">
      <UniqueIdentifier>{4FC737F1-C7A5-4376-A066-2A32D752A2FF}</UniqueIdentifier>
      <Extensions>cpp;c;cc;cxx;def;odl;idl;hpj;bat;asm;asmx</Extensions>
    </Filter>
    <Filter Include="ヘッダー ファイル">
      <UniqueIdentifier>{93995380-89BD-4b04-88EB-625FBE52EBFB}</UniqueIdentifier>
      <Extensions>h;hh;hpp;hxx;hm;inl;inc;ipp;xsd</Extensions>
    </Filter>
    <Filter Include="リソース ファイル">
      <UniqueIdentifier>{67DA6AB6-F800-4c08-8B7A-83BB121AAD01}</UniqueIdentifier>
      <Extensions>rc;ico;cur;bmp;dlg;rc2;rct;bin;rgs;gif;jpg;jpeg;jpe;resx;tiff;tif;png;wav;mfcribbon-ms</Extensions>
    </Filter>
    <Filter Include="ソース ファイル\ImGUI">
      <UniqueIdentifier>{c2a12567-4485-4526-873b-2f1c29cdf2db}</UniqueIdentifier>
    </Filter>
    <Filter Include="ソース ファイル\Scene">
      <UniqueIdentifier>{3a0d37ee-73ef-42e3-a21e-f3a75d060ea9}</UniqueIdentifier>
    </Filter>
    <Filter Include="ソース ファイル\State">
      <UniqueIdentifier>{b4db36b9-a3cc-4457-bd1a-54675b6de3b6}</UniqueIdentifier>
    </Filter>
    <Filter Include="ソース ファイル\Renderer">
      <UniqueIdentifier>{66e8a1ee-5032-4bd7-b912-cdf56abb5eb2}</UniqueIdentifier>
    </Filter>
    <Filter Include="ソース ファイル\State\Phase">
      <UniqueIdentifier>{74ecac43-3c24-4a84-90b9-845b2c025258}</UniqueIdentifier>
    </Filter>
    <Filter Include="ソース ファイル\Camera">
      <UniqueIdentifier>{4168a8e6-757b-45e8-9d99-3615df5644a6}</UniqueIdentifier>
    </Filter>
    <Filter Include="ソース ファイル\Audio">
      <UniqueIdentifier>{8f459145-217a-4b58-834a-ef988e5d7204}</UniqueIdentifier>
    </Filter>
    <Filter Include="ソース ファイル\Texture">
      <UniqueIdentifier>{6697e06b-5b2e-473d-9acc-f8e117404b4c}</UniqueIdentifier>
    </Filter>
    <Filter Include="ソース ファイル\Model">
      <UniqueIdentifier>{ce23e831-9858-4bf8-8d28-3a301fdef076}</UniqueIdentifier>
    </Filter>
    <Filter Include="ソース ファイル\object">
      <UniqueIdentifier>{00ae4fe1-dfd9-4341-a109-a1e2de982f7b}</UniqueIdentifier>
    </Filter>
  </ItemGroup>
  <ItemGroup>
    <ClCompile Include="main.cpp">
      <Filter>ソース ファイル</Filter>
    </ClCompile>
    <ClCompile Include="Polygon2D.cpp">
      <Filter>ソース ファイル</Filter>
    </ClCompile>
    <ClCompile Include="input.cpp">
      <Filter>ソース ファイル</Filter>
    </ClCompile>
    <ClCompile Include="Game.cpp">
      <Filter>ソース ファイル\Scene</Filter>
    </ClCompile>
    <ClCompile Include="Result.cpp">
      <Filter>ソース ファイル\Scene</Filter>
    </ClCompile>
    <ClCompile Include="ResultLogo.cpp">
      <Filter>ソース ファイル\Scene</Filter>
    </ClCompile>
    <ClCompile Include="imgui_tables.cpp">
      <Filter>ソース ファイル\ImGUI</Filter>
    </ClCompile>
    <ClCompile Include="imgui_widgets.cpp">
      <Filter>ソース ファイル\ImGUI</Filter>
    </ClCompile>
    <ClCompile Include="imgui.cpp">
      <Filter>ソース ファイル\ImGUI</Filter>
    </ClCompile>
    <ClCompile Include="imgui_demo.cpp">
      <Filter>ソース ファイル\ImGUI</Filter>
    </ClCompile>
    <ClCompile Include="imgui_draw.cpp">
      <Filter>ソース ファイル\ImGUI</Filter>
    </ClCompile>
    <ClCompile Include="ImGUImanager.cpp">
      <Filter>ソース ファイル</Filter>
    </ClCompile>
    <ClCompile Include="imgui_impl_dx11.cpp">
      <Filter>ソース ファイル\ImGUI</Filter>
    </ClCompile>
    <ClCompile Include="imgui_impl_win32.cpp">
      <Filter>ソース ファイル\ImGUI</Filter>
    </ClCompile>
    <ClCompile Include="manager.cpp">
      <Filter>ソース ファイル\Scene</Filter>
    </ClCompile>
    <ClCompile Include="renderer.cpp">
      <Filter>ソース ファイル\Renderer</Filter>
    </ClCompile>
    <ClCompile Include="RendererSprite.cpp">
      <Filter>ソース ファイル\Renderer</Filter>
    </ClCompile>
    <ClCompile Include="RendererSprite2.cpp">
      <Filter>ソース ファイル\Renderer</Filter>
    </ClCompile>
    <ClCompile Include="Phase01.cpp">
      <Filter>ソース ファイル\State\Phase</Filter>
    </ClCompile>
    <ClCompile Include="Phase02.cpp">
      <Filter>ソース ファイル\State\Phase</Filter>
    </ClCompile>
    <ClCompile Include="Phase03.cpp">
      <Filter>ソース ファイル\State\Phase</Filter>
    </ClCompile>
    <ClCompile Include="Phase04.cpp">
      <Filter>ソース ファイル\State\Phase</Filter>
    </ClCompile>
    <ClCompile Include="Camera.cpp">
      <Filter>ソース ファイル\Camera</Filter>
    </ClCompile>
    <ClCompile Include="WaterCamera.cpp">
      <Filter>ソース ファイル\Camera</Filter>
    </ClCompile>
    <ClCompile Include="audio.cpp">
      <Filter>ソース ファイル\Audio</Filter>
    </ClCompile>
    <ClCompile Include="Sprite.cpp">
      <Filter>ソース ファイル\Texture</Filter>
    </ClCompile>
    <ClCompile Include="Texture.cpp">
      <Filter>ソース ファイル\Texture</Filter>
    </ClCompile>
    <ClCompile Include="AnimationModel.cpp">
      <Filter>ソース ファイル\Model</Filter>
    </ClCompile>
    <ClCompile Include="model.cpp">
      <Filter>ソース ファイル\Model</Filter>
    </ClCompile>
    <ClCompile Include="RendererSprite3.cpp">
      <Filter>ソース ファイル\Renderer</Filter>
    </ClCompile>
    <ClCompile Include="RendererSprite4.cpp">
      <Filter>ソース ファイル\Renderer</Filter>
    </ClCompile>
    <ClCompile Include="Sword.cpp">
      <Filter>ソース ファイル\object</Filter>
    </ClCompile>
    <ClCompile Include="skyDoom.cpp">
      <Filter>ソース ファイル\object</Filter>
    </ClCompile>
    <ClCompile Include="Field.cpp">
      <Filter>ソース ファイル\object</Filter>
    </ClCompile>
    <ClCompile Include="Lake.cpp">
      <Filter>ソース ファイル\object</Filter>
    </ClCompile>
    <ClCompile Include="Sun.cpp">
      <Filter>ソース ファイル\object</Filter>
    </ClCompile>
    <ClCompile Include="Rock.cpp">
      <Filter>ソース ファイル\object</Filter>
    </ClCompile>
    <ClCompile Include="Player.cpp">
      <Filter>ソース ファイル\object</Filter>
    </ClCompile>
  </ItemGroup>
  <ItemGroup>
    <ClInclude Include="main.h">
      <Filter>ヘッダー ファイル</Filter>
    </ClInclude>
    <ClInclude Include="Polygon2D.h">
      <Filter>ヘッダー ファイル</Filter>
    </ClInclude>
    <ClInclude Include="gameObject.h">
      <Filter>ヘッダー ファイル</Filter>
    </ClInclude>
    <ClInclude Include="input.h">
      <Filter>ヘッダー ファイル</Filter>
    </ClInclude>
    <ClInclude Include="Scene.h">
      <Filter>ソース ファイル\Scene</Filter>
    </ClInclude>
    <ClInclude Include="Game.h">
      <Filter>ソース ファイル\Scene</Filter>
    </ClInclude>
    <ClInclude Include="Result.h">
      <Filter>ソース ファイル\Scene</Filter>
    </ClInclude>
    <ClInclude Include="ResultLogo.h">
      <Filter>ソース ファイル\Scene</Filter>
    </ClInclude>
    <ClInclude Include="imstb_rectpack.h">
      <Filter>ソース ファイル\ImGUI</Filter>
    </ClInclude>
    <ClInclude Include="imstb_textedit.h">
      <Filter>ソース ファイル\ImGUI</Filter>
    </ClInclude>
    <ClInclude Include="imstb_truetype.h">
      <Filter>ソース ファイル\ImGUI</Filter>
    </ClInclude>
    <ClInclude Include="imconfig.h">
      <Filter>ソース ファイル\ImGUI</Filter>
    </ClInclude>
    <ClInclude Include="imgui.h">
      <Filter>ソース ファイル\ImGUI</Filter>
    </ClInclude>
    <ClInclude Include="imgui_internal.h">
      <Filter>ソース ファイル\ImGUI</Filter>
    </ClInclude>
    <ClInclude Include="ImGUImanager.h">
      <Filter>ヘッダー ファイル</Filter>
    </ClInclude>
    <ClInclude Include="imgui_impl_dx11.h">
      <Filter>ソース ファイル\ImGUI</Filter>
    </ClInclude>
    <ClInclude Include="imgui_impl_win32.h">
      <Filter>ソース ファイル\ImGUI</Filter>
    </ClInclude>
    <ClInclude Include="manager.h">
      <Filter>ソース ファイル\Scene</Filter>
    </ClInclude>
    <ClInclude Include="State.h">
      <Filter>ソース ファイル\State</Filter>
    </ClInclude>
    <ClInclude Include="StateSystem.h">
      <Filter>ソース ファイル\State</Filter>
    </ClInclude>
    <ClInclude Include="Phase01.h">
      <Filter>ソース ファイル\State\Phase</Filter>
    </ClInclude>
    <ClInclude Include="Phase02.h">
      <Filter>ソース ファイル\State\Phase</Filter>
    </ClInclude>
    <ClInclude Include="Phase03.h">
      <Filter>ソース ファイル\State\Phase</Filter>
    </ClInclude>
    <ClInclude Include="Phase04.h">
      <Filter>ソース ファイル\State\Phase</Filter>
    </ClInclude>
    <ClInclude Include="renderer.h">
      <Filter>ソース ファイル\Renderer</Filter>
    </ClInclude>
    <ClInclude Include="RendererSprite.h">
      <Filter>ソース ファイル\Renderer</Filter>
    </ClInclude>
    <ClInclude Include="RendererSprite2.h">
      <Filter>ソース ファイル\Renderer</Filter>
    </ClInclude>
    <ClInclude Include="Camera.h">
      <Filter>ソース ファイル\Camera</Filter>
    </ClInclude>
    <ClInclude Include="WaterCamera.h">
      <Filter>ソース ファイル\Camera</Filter>
    </ClInclude>
    <ClInclude Include="audio.h">
      <Filter>ソース ファイル\Audio</Filter>
    </ClInclude>
    <ClInclude Include="Texture.h">
      <Filter>ソース ファイル\Texture</Filter>
    </ClInclude>
    <ClInclude Include="Sprite.h">
      <Filter>ソース ファイル\Texture</Filter>
    </ClInclude>
    <ClInclude Include="AnimationModel.h">
      <Filter>ソース ファイル\Model</Filter>
    </ClInclude>
    <ClInclude Include="model.h">
      <Filter>ソース ファイル\Model</Filter>
    </ClInclude>
    <ClInclude Include="RendererSprite3.h">
      <Filter>ソース ファイル\Renderer</Filter>
    </ClInclude>
    <ClInclude Include="RendererSprite4.h">
      <Filter>ソース ファイル\Renderer</Filter>
    </ClInclude>
    <ClInclude Include="Field.h">
      <Filter>ソース ファイル\object</Filter>
    </ClInclude>
    <ClInclude Include="Sword.h">
      <Filter>ソース ファイル\object</Filter>
    </ClInclude>
    <ClInclude Include="skyDoom.h">
      <Filter>ソース ファイル\object</Filter>
    </ClInclude>
    <ClInclude Include="Lake.h">
      <Filter>ソース ファイル\object</Filter>
    </ClInclude>
    <ClInclude Include="Sun.h">
      <Filter>ソース ファイル\object</Filter>
    </ClInclude>
    <ClInclude Include="Rock.h">
      <Filter>ソース ファイル\object</Filter>
    </ClInclude>
    <ClInclude Include="Player.h">
      <Filter>ソース ファイル\object</Filter>
    </ClInclude>
  </ItemGroup>
  <ItemGroup>
    <FxCompile Include="common.hlsl">
      <Filter>リソース ファイル</Filter>
    </FxCompile>
    <FxCompile Include="unlitTexturePS.hlsl">
      <Filter>リソース ファイル</Filter>
    </FxCompile>
    <FxCompile Include="unlitTextureVS.hlsl">
      <Filter>リソース ファイル</Filter>
    </FxCompile>
    <FxCompile Include="vertexLightingPS.hlsl">
      <Filter>リソース ファイル</Filter>
    </FxCompile>
    <FxCompile Include="vertexLightingVS.hlsl">
      <Filter>リソース ファイル</Filter>
    </FxCompile>
    <FxCompile Include="postEffectVS.hlsl">
      <Filter>リソース ファイル</Filter>
    </FxCompile>
    <FxCompile Include="postEffectPS.hlsl">
      <Filter>リソース ファイル</Filter>
    </FxCompile>
    <FxCompile Include="waterEffectPS.hlsl">
      <Filter>リソース ファイル</Filter>
    </FxCompile>
    <FxCompile Include="waterEffectVS.hlsl">
      <Filter>リソース ファイル</Filter>
    </FxCompile>
    <FxCompile Include="NoisePS.hlsl">
      <Filter>リソース ファイル</Filter>
    </FxCompile>
    <FxCompile Include="specularReflectionPS.hlsl">
      <Filter>リソース ファイル</Filter>
    </FxCompile>
    <FxCompile Include="specularReflectionVS.hlsl">
      <Filter>リソース ファイル</Filter>
    </FxCompile>
    <FxCompile Include="furVS.hlsl">
      <Filter>リソース ファイル</Filter>
    </FxCompile>
    <FxCompile Include="furPS.hlsl">
      <Filter>リソース ファイル</Filter>
    </FxCompile>
    <FxCompile Include="BloomPS.hlsl">
      <Filter>リソース ファイル</Filter>
    </FxCompile>
    <FxCompile Include="BloomVS.hlsl">
      <Filter>リソース ファイル</Filter>
    </FxCompile>
  </ItemGroup>
</Project>